
Microsoft Visual Studio Solution File, Format Version 12.00
# Visual Studio Version 17
VisualStudioVersion = 17.1.32210.238
MinimumVisualStudioVersion = 10.0.40219.1
Project("{FAE04EC0-301F-11D3-BF4B-00C04F79EFBC}") = "LoopSever", "LoopSever.csproj", "{36E7AC82-013A-49EF-843A-994D7A5A1F71}"
EndProject
Global
	GlobalSection(SolutionConfigurationPlatforms) = preSolution
		Debug|Any CPU = Debug|Any CPU
		Release|Any CPU = Release|Any CPU
	EndGlobalSection
	GlobalSection(ProjectConfigurationPlatforms) = postSolution
		{36E7AC82-013A-49EF-843A-994D7A5A1F71}.Debug|Any CPU.ActiveCfg = Debug|Any CPU
		{36E7AC82-013A-49EF-843A-994D7A5A1F71}.Debug|Any CPU.Build.0 = Debug|Any CPU
		{36E7AC82-013A-49EF-843A-994D7A5A1F71}.Release|Any CPU.ActiveCfg = Release|Any CPU
		{36E7AC82-013A-49EF-843A-994D7A5A1F71}.Release|Any CPU.Build.0 = Release|Any CPU
	EndGlobalSection
	GlobalSection(SolutionProperties) = preSolution
		HideSolutionNode = FALSE
	EndGlobalSection
	GlobalSection(ExtensibilityGlobals) = postSolution
		SolutionGuid = {8F630B5B-8D61-409C-B884-D55B69256723}
	EndGlobalSection
EndGlobal
